
Microsoft Visual Studio Solution File, Format Version 12.00
# Visual Studio Version 17
VisualStudioVersion = 17.12.35707.178
MinimumVisualStudioVersion = 10.0.40219.1
Project("{FAE04EC0-301F-11D3-BF4B-00C04F79EFBC}") = "deepFake", "deepFake\deepFake.csproj", "{6765D8CA-31EE-4674-8E80-4E94E9086752}"
EndProject
Global
	GlobalSection(SolutionConfigurationPlatforms) = preSolution
		Debug|Any CPU = Debug|Any CPU
		Release|Any CPU = Release|Any CPU
	EndGlobalSection
	GlobalSection(ProjectConfigurationPlatforms) = postSolution
		{6765D8CA-31EE-4674-8E80-4E94E9086752}.Debug|Any CPU.ActiveCfg = Debug|Any CPU
		{6765D8CA-31EE-4674-8E80-4E94E9086752}.Debug|Any CPU.Build.0 = Debug|Any CPU
		{6765D8CA-31EE-4674-8E80-4E94E9086752}.Release|Any CPU.ActiveCfg = Release|Any CPU
		{6765D8CA-31EE-4674-8E80-4E94E9086752}.Release|Any CPU.Build.0 = Release|Any CPU
	EndGlobalSection
	GlobalSection(SolutionProperties) = preSolution
		HideSolutionNode = FALSE
	EndGlobalSection
	GlobalSection(ExtensibilityGlobals) = postSolution
		SolutionGuid = {18ECEB7E-93CA-47FD-97B0-2F3C7CC498A9}
	EndGlobalSection
EndGlobal
